
Microsoft Visual Studio Solution File, Format Version 12.00
# Visual Studio Version 16
VisualStudioVersion = 16.0.30804.86
MinimumVisualStudioVersion = 10.0.40219.1
Project("{9A19103F-16F7-4668-BE54-9A1E7A4F7556}") = "MLNetOnnxAlpr.OnnxObjectDetection", "MlNetOnnxAlpr.OnnxObjectDetection\MLNetOnnxAlpr.OnnxObjectDetection.csproj", "{7F506C32-6EFD-4DBF-B0B8-4FE41AAD2042}"
EndProject
Project("{FAE04EC0-301F-11D3-BF4B-00C04F79EFBC}") = "MlNetOnnxAlpr.OpenAlprClient", "MlNetOnnxAlpr.OpenAlprClient\MlNetOnnxAlpr.OpenAlprClient.csproj", "{F79F823A-477C-4D2A-9A1A-83437E6B9889}"
EndProject
Project("{FAE04EC0-301F-11D3-BF4B-00C04F79EFBC}") = "MLNetOnnxAlpr.SampleUi", "MLNetOnnxAlpr.SampleUi\MLNetOnnxAlpr.SampleUi.csproj", "{A0848CD4-0F3D-4722-A670-F2C5350BA1AF}"
EndProject
Global
	GlobalSection(SolutionConfigurationPlatforms) = preSolution
		Debug|Any CPU = Debug|Any CPU
		Release|Any CPU = Release|Any CPU
	EndGlobalSection
	GlobalSection(ProjectConfigurationPlatforms) = postSolution
		{7F506C32-6EFD-4DBF-B0B8-4FE41AAD2042}.Debug|Any CPU.ActiveCfg = Debug|Any CPU
		{7F506C32-6EFD-4DBF-B0B8-4FE41AAD2042}.Debug|Any CPU.Build.0 = Debug|Any CPU
		{7F506C32-6EFD-4DBF-B0B8-4FE41AAD2042}.Release|Any CPU.ActiveCfg = Release|Any CPU
		{7F506C32-6EFD-4DBF-B0B8-4FE41AAD2042}.Release|Any CPU.Build.0 = Release|Any CPU
		{F79F823A-477C-4D2A-9A1A-83437E6B9889}.Debug|Any CPU.ActiveCfg = Debug|Any CPU
		{F79F823A-477C-4D2A-9A1A-83437E6B9889}.Debug|Any CPU.Build.0 = Debug|Any CPU
		{F79F823A-477C-4D2A-9A1A-83437E6B9889}.Release|Any CPU.ActiveCfg = Release|Any CPU
		{F79F823A-477C-4D2A-9A1A-83437E6B9889}.Release|Any CPU.Build.0 = Release|Any CPU
		{A0848CD4-0F3D-4722-A670-F2C5350BA1AF}.Debug|Any CPU.ActiveCfg = Debug|Any CPU
		{A0848CD4-0F3D-4722-A670-F2C5350BA1AF}.Debug|Any CPU.Build.0 = Debug|Any CPU
		{A0848CD4-0F3D-4722-A670-F2C5350BA1AF}.Release|Any CPU.ActiveCfg = Release|Any CPU
		{A0848CD4-0F3D-4722-A670-F2C5350BA1AF}.Release|Any CPU.Build.0 = Release|Any CPU
	EndGlobalSection
	GlobalSection(SolutionProperties) = preSolution
		HideSolutionNode = FALSE
	EndGlobalSection
	GlobalSection(ExtensibilityGlobals) = postSolution
		SolutionGuid = {65395ED6-7DA0-45DF-A621-DE72639B1D98}
	EndGlobalSection
EndGlobal
